
Microsoft Visual Studio Solution File, Format Version 12.00
# Visual Studio 15
VisualStudioVersion = 15.0.28307.136
MinimumVisualStudioVersion = 10.0.40219.1
Project("{FAE04EC0-301F-11D3-BF4B-00C04F79EFBC}") = "DepartmentNStudents", "DepartmentNStudents\DepartmentNStudents.csproj", "{09E4A369-21E5-4394-AA73-2B2B3E1CC210}"
EndProject
Global
	GlobalSection(SolutionConfigurationPlatforms) = preSolution
		Debug|Any CPU = Debug|Any CPU
		Release|Any CPU = Release|Any CPU
	EndGlobalSection
	GlobalSection(ProjectConfigurationPlatforms) = postSolution
		{09E4A369-21E5-4394-AA73-2B2B3E1CC210}.Debug|Any CPU.ActiveCfg = Debug|Any CPU
		{09E4A369-21E5-4394-AA73-2B2B3E1CC210}.Debug|Any CPU.Build.0 = Debug|Any CPU
		{09E4A369-21E5-4394-AA73-2B2B3E1CC210}.Release|Any CPU.ActiveCfg = Release|Any CPU
		{09E4A369-21E5-4394-AA73-2B2B3E1CC210}.Release|Any CPU.Build.0 = Release|Any CPU
	EndGlobalSection
	GlobalSection(SolutionProperties) = preSolution
		HideSolutionNode = FALSE
	EndGlobalSection
	GlobalSection(ExtensibilityGlobals) = postSolution
		SolutionGuid = {BDF4FC97-3417-4803-9F97-0A50405438E0}
	EndGlobalSection
EndGlobal
